
Microsoft Visual Studio Solution File, Format Version 12.00
# Visual Studio Version 16
VisualStudioVersion = 16.0.31424.327
MinimumVisualStudioVersion = 10.0.40219.1
Project("{888888A0-9F3D-457C-B088-3A5042F75D52}") = "Sandbox", "Sandbox\Sandbox.pyproj", "{ACDE08EB-3D86-4E72-A758-C4ADA0B9F96C}"
EndProject
Global
	GlobalSection(SolutionConfigurationPlatforms) = preSolution
		Debug|Any CPU = Debug|Any CPU
		Release|Any CPU = Release|Any CPU
	EndGlobalSection
	GlobalSection(ProjectConfigurationPlatforms) = postSolution
		{ACDE08EB-3D86-4E72-A758-C4ADA0B9F96C}.Debug|Any CPU.ActiveCfg = Debug|Any CPU
		{ACDE08EB-3D86-4E72-A758-C4ADA0B9F96C}.Release|Any CPU.ActiveCfg = Release|Any CPU
	EndGlobalSection
	GlobalSection(SolutionProperties) = preSolution
		HideSolutionNode = FALSE
	EndGlobalSection
	GlobalSection(ExtensibilityGlobals) = postSolution
		SolutionGuid = {8723BFB9-B9BA-4629-BFC5-F91F7974EC54}
	EndGlobalSection
EndGlobal
